
Microsoft Visual Studio Solution File, Format Version 12.00
# Visual Studio 15
VisualStudioVersion = 15.0.28307.902
MinimumVisualStudioVersion = 10.0.40219.1
Project("{FAE04EC0-301F-11D3-BF4B-00C04F79EFBC}") = "CarRenting.Android", "CarRenting\CarRenting.Android\CarRenting.Android.csproj", "{F8D0ECCB-F211-4C61-8AAD-155F8D11420D}"
EndProject
Project("{FAE04EC0-301F-11D3-BF4B-00C04F79EFBC}") = "CarRenting.iOS", "CarRenting\CarRenting.iOS\CarRenting.iOS.csproj", "{A66563E0-9B57-4185-A2F5-A5F851E8B8D3}"
EndProject
Project("{FAE04EC0-301F-11D3-BF4B-00C04F79EFBC}") = "CarRenting", "CarRenting\CarRenting\CarRenting.csproj", "{80E7A882-C4F4-4E17-B243-B1FC4BFCBB66}"
EndProject
Global
	GlobalSection(SolutionConfigurationPlatforms) = preSolution
		Ad-Hoc|Any CPU = Ad-Hoc|Any CPU
		Ad-Hoc|iPhone = Ad-Hoc|iPhone
		Ad-Hoc|iPhoneSimulator = Ad-Hoc|iPhoneSimulator
		AppStore|Any CPU = AppStore|Any CPU
		AppStore|iPhone = AppStore|iPhone
		AppStore|iPhoneSimulator = AppStore|iPhoneSimulator
		Debug|Any CPU = Debug|Any CPU
		Debug|iPhone = Debug|iPhone
		Debug|iPhoneSimulator = Debug|iPhoneSimulator
		Release|Any CPU = Release|Any CPU
		Release|iPhone = Release|iPhone
		Release|iPhoneSimulator = Release|iPhoneSimulator
	EndGlobalSection
	GlobalSection(ProjectConfigurationPlatforms) = postSolution
		{F8D0ECCB-F211-4C61-8AAD-155F8D11420D}.Ad-Hoc|Any CPU.ActiveCfg = Release|Any CPU
		{F8D0ECCB-F211-4C61-8AAD-155F8D11420D}.Ad-Hoc|Any CPU.Build.0 = Release|Any CPU
		{F8D0ECCB-F211-4C61-8AAD-155F8D11420D}.Ad-Hoc|Any CPU.Deploy.0 = Release|Any CPU
		{F8D0ECCB-F211-4C61-8AAD-155F8D11420D}.Ad-Hoc|iPhone.ActiveCfg = Release|Any CPU
		{F8D0ECCB-F211-4C61-8AAD-155F8D11420D}.Ad-Hoc|iPhone.Build.0 = Release|Any CPU
		{F8D0ECCB-F211-4C61-8AAD-155F8D11420D}.Ad-Hoc|iPhone.Deploy.0 = Release|Any CPU
		{F8D0ECCB-F211-4C61-8AAD-155F8D11420D}.Ad-Hoc|iPhoneSimulator.ActiveCfg = Release|Any CPU
		{F8D0ECCB-F211-4C61-8AAD-155F8D11420D}.Ad-Hoc|iPhoneSimulator.Build.0 = Release|Any CPU
		{F8D0ECCB-F211-4C61-8AAD-155F8D11420D}.Ad-Hoc|iPhoneSimulator.Deploy.0 = Release|Any CPU
		{F8D0ECCB-F211-4C61-8AAD-155F8D11420D}.AppStore|Any CPU.ActiveCfg = Release|Any CPU
		{F8D0ECCB-F211-4C61-8AAD-155F8D11420D}.AppStore|Any CPU.Build.0 = Release|Any CPU
		{F8D0ECCB-F211-4C61-8AAD-155F8D11420D}.AppStore|Any CPU.Deploy.0 = Release|Any CPU
		{F8D0ECCB-F211-4C61-8AAD-155F8D11420D}.AppStore|iPhone.ActiveCfg = Release|Any CPU
		{F8D0ECCB-F211-4C61-8AAD-155F8D11420D}.AppStore|iPhone.Build.0 = Release|Any CPU
		{F8D0ECCB-F211-4C61-8AAD-155F8D11420D}.AppStore|iPhone.Deploy.0 = Release|Any CPU
		{F8D0ECCB-F211-4C61-8AAD-155F8D11420D}.AppStore|iPhoneSimulator.ActiveCfg = Release|Any CPU
		{F8D0ECCB-F211-4C61-8AAD-155F8D11420D}.AppStore|iPhoneSimulator.Build.0 = Release|Any CPU
		{F8D0ECCB-F211-4C61-8AAD-155F8D11420D}.AppStore|iPhoneSimulator.Deploy.0 = Release|Any CPU
		{F8D0ECCB-F211-4C61-8AAD-155F8D11420D}.Debug|Any CPU.ActiveCfg = Debug|Any CPU
		{F8D0ECCB-F211-4C61-8AAD-155F8D11420D}.Debug|Any CPU.Build.0 = Debug|Any CPU
		{F8D0ECCB-F211-4C61-8AAD-155F8D11420D}.Debug|Any CPU.Deploy.0 = Debug|Any CPU
		{F8D0ECCB-F211-4C61-8AAD-155F8D11420D}.Debug|iPhone.ActiveCfg = Debug|Any CPU
		{F8D0ECCB-F211-4C61-8AAD-155F8D11420D}.Debug|iPhone.Build.0 = Debug|Any CPU
		{F8D0ECCB-F211-4C61-8AAD-155F8D11420D}.Debug|iPhone.Deploy.0 = Debug|Any CPU
		{F8D0ECCB-F211-4C61-8AAD-155F8D11420D}.Debug|iPhoneSimulator.ActiveCfg = Debug|Any CPU
		{F8D0ECCB-F211-4C61-8AAD-155F8D11420D}.Debug|iPhoneSimulator.Build.0 = Debug|Any CPU
		{F8D0ECCB-F211-4C61-8AAD-155F8D11420D}.Debug|iPhoneSimulator.Deploy.0 = Debug|Any CPU
		{F8D0ECCB-F211-4C61-8AAD-155F8D11420D}.Release|Any CPU.ActiveCfg = Release|Any CPU
		{F8D0ECCB-F211-4C61-8AAD-155F8D11420D}.Release|Any CPU.Build.0 = Release|Any CPU
		{F8D0ECCB-F211-4C61-8AAD-155F8D11420D}.Release|Any CPU.Deploy.0 = Release|Any CPU
		{F8D0ECCB-F211-4C61-8AAD-155F8D11420D}.Release|iPhone.ActiveCfg = Release|Any CPU
		{F8D0ECCB-F211-4C61-8AAD-155F8D11420D}.Release|iPhone.Build.0 = Release|Any CPU
		{F8D0ECCB-F211-4C61-8AAD-155F8D11420D}.Release|iPhone.Deploy.0 = Release|Any CPU
		{F8D0ECCB-F211-4C61-8AAD-155F8D11420D}.Release|iPhoneSimulator.ActiveCfg = Release|Any CPU
		{F8D0ECCB-F211-4C61-8AAD-155F8D11420D}.Release|iPhoneSimulator.Build.0 = Release|Any CPU
		{F8D0ECCB-F211-4C61-8AAD-155F8D11420D}.Release|iPhoneSimulator.Deploy.0 = Release|Any CPU
		{A66563E0-9B57-4185-A2F5-A5F851E8B8D3}.Ad-Hoc|Any CPU.ActiveCfg = Ad-Hoc|iPhone
		{A66563E0-9B57-4185-A2F5-A5F851E8B8D3}.Ad-Hoc|Any CPU.Build.0 = Ad-Hoc|iPhone
		{A66563E0-9B57-4185-A2F5-A5F851E8B8D3}.Ad-Hoc|Any CPU.Deploy.0 = Ad-Hoc|iPhone
		{A66563E0-9B57-4185-A2F5-A5F851E8B8D3}.Ad-Hoc|iPhone.ActiveCfg = Ad-Hoc|iPhone
		{A66563E0-9B57-4185-A2F5-A5F851E8B8D3}.Ad-Hoc|iPhone.Build.0 = Ad-Hoc|iPhone
		{A66563E0-9B57-4185-A2F5-A5F851E8B8D3}.Ad-Hoc|iPhone.Deploy.0 = Ad-Hoc|iPhone
		{A66563E0-9B57-4185-A2F5-A5F851E8B8D3}.Ad-Hoc|iPhoneSimulator.ActiveCfg = Ad-Hoc|iPhoneSimulator
		{A66563E0-9B57-4185-A2F5-A5F851E8B8D3}.Ad-Hoc|iPhoneSimulator.Build.0 = Ad-Hoc|iPhoneSimulator
		{A66563E0-9B57-4185-A2F5-A5F851E8B8D3}.Ad-Hoc|iPhoneSimulator.Deploy.0 = Ad-Hoc|iPhoneSimulator
		{A66563E0-9B57-4185-A2F5-A5F851E8B8D3}.AppStore|Any CPU.ActiveCfg = AppStore|iPhone
		{A66563E0-9B57-4185-A2F5-A5F851E8B8D3}.AppStore|Any CPU.Build.0 = AppStore|iPhone
		{A66563E0-9B57-4185-A2F5-A5F851E8B8D3}.AppStore|Any CPU.Deploy.0 = AppStore|iPhone
		{A66563E0-9B57-4185-A2F5-A5F851E8B8D3}.AppStore|iPhone.ActiveCfg = AppStore|iPhone
		{A66563E0-9B57-4185-A2F5-A5F851E8B8D3}.AppStore|iPhone.Build.0 = AppStore|iPhone
		{A66563E0-9B57-4185-A2F5-A5F851E8B8D3}.AppStore|iPhone.Deploy.0 = AppStore|iPhone
		{A66563E0-9B57-4185-A2F5-A5F851E8B8D3}.AppStore|iPhoneSimulator.ActiveCfg = AppStore|iPhoneSimulator
		{A66563E0-9B57-4185-A2F5-A5F851E8B8D3}.AppStore|iPhoneSimulator.Build.0 = AppStore|iPhoneSimulator
		{A66563E0-9B57-4185-A2F5-A5F851E8B8D3}.AppStore|iPhoneSimulator.Deploy.0 = AppStore|iPhoneSimulator
		{A66563E0-9B57-4185-A2F5-A5F851E8B8D3}.Debug|Any CPU.ActiveCfg = Debug|iPhoneSimulator
		{A66563E0-9B57-4185-A2F5-A5F851E8B8D3}.Debug|Any CPU.Build.0 = Debug|iPhoneSimulator
		{A66563E0-9B57-4185-A2F5-A5F851E8B8D3}.Debug|Any CPU.Deploy.0 = Debug|iPhoneSimulator
		{A66563E0-9B57-4185-A2F5-A5F851E8B8D3}.Debug|iPhone.ActiveCfg = Debug|iPhone
		{A66563E0-9B57-4185-A2F5-A5F851E8B8D3}.Debug|iPhone.Build.0 = Debug|iPhone
		{A66563E0-9B57-4185-A2F5-A5F851E8B8D3}.Debug|iPhone.Deploy.0 = Debug|iPhone
		{A66563E0-9B57-4185-A2F5-A5F851E8B8D3}.Debug|iPhoneSimulator.ActiveCfg = Debug|iPhoneSimulator
		{A66563E0-9B57-4185-A2F5-A5F851E8B8D3}.Debug|iPhoneSimulator.Build.0 = Debug|iPhoneSimulator
		{A66563E0-9B57-4185-A2F5-A5F851E8B8D3}.Debug|iPhoneSimulator.Deploy.0 = Debug|iPhoneSimulator
		{A66563E0-9B57-4185-A2F5-A5F851E8B8D3}.Release|Any CPU.ActiveCfg = Release|iPhone
		{A66563E0-9B57-4185-A2F5-A5F851E8B8D3}.Release|Any CPU.Build.0 = Release|iPhone
		{A66563E0-9B57-4185-A2F5-A5F851E8B8D3}.Release|Any CPU.Deploy.0 = Release|iPhone
		{A66563E0-9B57-4185-A2F5-A5F851E8B8D3}.Release|iPhone.ActiveCfg = Release|iPhone
		{A66563E0-9B57-4185-A2F5-A5F851E8B8D3}.Release|iPhone.Build.0 = Release|iPhone
		{A66563E0-9B57-4185-A2F5-A5F851E8B8D3}.Release|iPhone.Deploy.0 = Release|iPhone
		{A66563E0-9B57-4185-A2F5-A5F851E8B8D3}.Release|iPhoneSimulator.ActiveCfg = Release|iPhoneSimulator
		{A66563E0-9B57-4185-A2F5-A5F851E8B8D3}.Release|iPhoneSimulator.Build.0 = Release|iPhoneSimulator
		{A66563E0-9B57-4185-A2F5-A5F851E8B8D3}.Release|iPhoneSimulator.Deploy.0 = Release|iPhoneSimulator
		{80E7A882-C4F4-4E17-B243-B1FC4BFCBB66}.Ad-Hoc|Any CPU.ActiveCfg = Debug|Any CPU
		{80E7A882-C4F4-4E17-B243-B1FC4BFCBB66}.Ad-Hoc|Any CPU.Build.0 = Debug|Any CPU
		{80E7A882-C4F4-4E17-B243-B1FC4BFCBB66}.Ad-Hoc|Any CPU.Deploy.0 = Debug|Any CPU
		{80E7A882-C4F4-4E17-B243-B1FC4BFCBB66}.Ad-Hoc|iPhone.ActiveCfg = Debug|Any CPU
		{80E7A882-C4F4-4E17-B243-B1FC4BFCBB66}.Ad-Hoc|iPhone.Build.0 = Debug|Any CPU
		{80E7A882-C4F4-4E17-B243-B1FC4BFCBB66}.Ad-Hoc|iPhone.Deploy.0 = Debug|Any CPU
		{80E7A882-C4F4-4E17-B243-B1FC4BFCBB66}.Ad-Hoc|iPhoneSimulator.ActiveCfg = Debug|Any CPU
		{80E7A882-C4F4-4E17-B243-B1FC4BFCBB66}.Ad-Hoc|iPhoneSimulator.Build.0 = Debug|Any CPU
		{80E7A882-C4F4-4E17-B243-B1FC4BFCBB66}.Ad-Hoc|iPhoneSimulator.Deploy.0 = Debug|Any CPU
		{80E7A882-C4F4-4E17-B243-B1FC4BFCBB66}.AppStore|Any CPU.ActiveCfg = Debug|Any CPU
		{80E7A882-C4F4-4E17-B243-B1FC4BFCBB66}.AppStore|Any CPU.Build.0 = Debug|Any CPU
		{80E7A882-C4F4-4E17-B243-B1FC4BFCBB66}.AppStore|Any CPU.Deploy.0 = Debug|Any CPU
		{80E7A882-C4F4-4E17-B243-B1FC4BFCBB66}.AppStore|iPhone.ActiveCfg = Debug|Any CPU
		{80E7A882-C4F4-4E17-B243-B1FC4BFCBB66}.AppStore|iPhone.Build.0 = Debug|Any CPU
		{80E7A882-C4F4-4E17-B243-B1FC4BFCBB66}.AppStore|iPhone.Deploy.0 = Debug|Any CPU
		{80E7A882-C4F4-4E17-B243-B1FC4BFCBB66}.AppStore|iPhoneSimulator.ActiveCfg = Debug|Any CPU
		{80E7A882-C4F4-4E17-B243-B1FC4BFCBB66}.AppStore|iPhoneSimulator.Build.0 = Debug|Any CPU
		{80E7A882-C4F4-4E17-B243-B1FC4BFCBB66}.AppStore|iPhoneSimulator.Deploy.0 = Debug|Any CPU
		{80E7A882-C4F4-4E17-B243-B1FC4BFCBB66}.Debug|Any CPU.ActiveCfg = Debug|Any CPU
		{80E7A882-C4F4-4E17-B243-B1FC4BFCBB66}.Debug|Any CPU.Build.0 = Debug|Any CPU
		{80E7A882-C4F4-4E17-B243-B1FC4BFCBB66}.Debug|Any CPU.Deploy.0 = Debug|Any CPU
		{80E7A882-C4F4-4E17-B243-B1FC4BFCBB66}.Debug|iPhone.ActiveCfg = Debug|Any CPU
		{80E7A882-C4F4-4E17-B243-B1FC4BFCBB66}.Debug|iPhone.Build.0 = Debug|Any CPU
		{80E7A882-C4F4-4E17-B243-B1FC4BFCBB66}.Debug|iPhone.Deploy.0 = Debug|Any CPU
		{80E7A882-C4F4-4E17-B243-B1FC4BFCBB66}.Debug|iPhoneSimulator.ActiveCfg = Debug|Any CPU
		{80E7A882-C4F4-4E17-B243-B1FC4BFCBB66}.Debug|iPhoneSimulator.Build.0 = Debug|Any CPU
		{80E7A882-C4F4-4E17-B243-B1FC4BFCBB66}.Debug|iPhoneSimulator.Deploy.0 = Debug|Any CPU
		{80E7A882-C4F4-4E17-B243-B1FC4BFCBB66}.Release|Any CPU.ActiveCfg = Release|Any CPU
		{80E7A882-C4F4-4E17-B243-B1FC4BFCBB66}.Release|Any CPU.Build.0 = Release|Any CPU
		{80E7A882-C4F4-4E17-B243-B1FC4BFCBB66}.Release|Any CPU.Deploy.0 = Release|Any CPU
		{80E7A882-C4F4-4E17-B243-B1FC4BFCBB66}.Release|iPhone.ActiveCfg = Release|Any CPU
		{80E7A882-C4F4-4E17-B243-B1FC4BFCBB66}.Release|iPhone.Build.0 = Release|Any CPU
		{80E7A882-C4F4-4E17-B243-B1FC4BFCBB66}.Release|iPhone.Deploy.0 = Release|Any CPU
		{80E7A882-C4F4-4E17-B243-B1FC4BFCBB66}.Release|iPhoneSimulator.ActiveCfg = Release|Any CPU
		{80E7A882-C4F4-4E17-B243-B1FC4BFCBB66}.Release|iPhoneSimulator.Build.0 = Release|Any CPU
		{80E7A882-C4F4-4E17-B243-B1FC4BFCBB66}.Release|iPhoneSimulator.Deploy.0 = Release|Any CPU
	EndGlobalSection
	GlobalSection(SolutionProperties) = preSolution
		HideSolutionNode = FALSE
	EndGlobalSection
	GlobalSection(ExtensibilityGlobals) = postSolution
		SolutionGuid = {4CE617FF-16CF-40F1-AE21-37A6D27AD984}
	EndGlobalSection
EndGlobal
